
Microsoft Visual Studio Solution File, Format Version 12.00
# Visual Studio 15
VisualStudioVersion = 15.0.27703.2042
MinimumVisualStudioVersion = 10.0.40219.1
Project("{FAE04EC0-301F-11D3-BF4B-00C04F79EFBC}") = "YoutubeSubscriberManager", "RML\YoutubeSubscriberManager.csproj", "{8AE9E084-CB6A-41AE-B54F-B04016446B79}"
EndProject
Global
	GlobalSection(SolutionConfigurationPlatforms) = preSolution
		Debug|Any CPU = Debug|Any CPU
		Release|Any CPU = Release|Any CPU
	EndGlobalSection
	GlobalSection(ProjectConfigurationPlatforms) = postSolution
		{8AE9E084-CB6A-41AE-B54F-B04016446B79}.Debug|Any CPU.ActiveCfg = Debug|Any CPU
		{8AE9E084-CB6A-41AE-B54F-B04016446B79}.Debug|Any CPU.Build.0 = Debug|Any CPU
		{8AE9E084-CB6A-41AE-B54F-B04016446B79}.Release|Any CPU.ActiveCfg = Release|Any CPU
		{8AE9E084-CB6A-41AE-B54F-B04016446B79}.Release|Any CPU.Build.0 = Release|Any CPU
	EndGlobalSection
	GlobalSection(SolutionProperties) = preSolution
		HideSolutionNode = FALSE
	EndGlobalSection
	GlobalSection(ExtensibilityGlobals) = postSolution
		SolutionGuid = {12738DD0-CBFD-42FB-AFBF-D9DFE5E863FB}
	EndGlobalSection
EndGlobal
